
Microsoft Visual Studio Solution File, Format Version 12.00
# Visual Studio Version 17
VisualStudioVersion = 17.7.34024.191
MinimumVisualStudioVersion = 10.0.40219.1
Project("{FAE04EC0-301F-11D3-BF4B-00C04F79EFBC}") = "test_lab_6_winform", "test_lab_6_winform\test_lab_6_winform.csproj", "{EDD71611-88BE-4AD0-A382-272B00510382}"
EndProject
Global
	GlobalSection(SolutionConfigurationPlatforms) = preSolution
		Debug|Any CPU = Debug|Any CPU
		Release|Any CPU = Release|Any CPU
	EndGlobalSection
	GlobalSection(ProjectConfigurationPlatforms) = postSolution
		{EDD71611-88BE-4AD0-A382-272B00510382}.Debug|Any CPU.ActiveCfg = Debug|Any CPU
		{EDD71611-88BE-4AD0-A382-272B00510382}.Debug|Any CPU.Build.0 = Debug|Any CPU
		{EDD71611-88BE-4AD0-A382-272B00510382}.Release|Any CPU.ActiveCfg = Release|Any CPU
		{EDD71611-88BE-4AD0-A382-272B00510382}.Release|Any CPU.Build.0 = Release|Any CPU
	EndGlobalSection
	GlobalSection(SolutionProperties) = preSolution
		HideSolutionNode = FALSE
	EndGlobalSection
	GlobalSection(ExtensibilityGlobals) = postSolution
		SolutionGuid = {FB286B0E-9EF5-410F-8458-98E1293E49E7}
	EndGlobalSection
EndGlobal
